// !$*UTF8*$!
{
	archiveVersion = 1;
	classes = {
	};
	objectVersion = 46;
	objects = {

/* Begin PBXBuildFile section */
		524B5C681D68DDED004345B4 /* AppDelegate.swift in Sources */ = {isa = PBXBuildFile; fileRef = 524B5C671D68DDED004345B4 /* AppDelegate.swift */; };
		524B5C6A1D68DDED004345B4 /* ViewController.swift in Sources */ = {isa = PBXBuildFile; fileRef = 524B5C691D68DDED004345B4 /* ViewController.swift */; };
		524B5C6D1D68DDED004345B4 /* Main.storyboard in Resources */ = {isa = PBXBuildFile; fileRef = 524B5C6B1D68DDED004345B4 /* Main.storyboard */; };
		524B5C701D68DDED004345B4 /* Favorite_Wine_08_20_2016.xcdatamodeld in Sources */ = {isa = PBXBuildFile; fileRef = 524B5C6E1D68DDED004345B4 /* Favorite_Wine_08_20_2016.xcdatamodeld */; };
		524B5C721D68DDED004345B4 /* Assets.xcassets in Resources */ = {isa = PBXBuildFile; fileRef = 524B5C711D68DDED004345B4 /* Assets.xcassets */; };
		524B5C751D68DDED004345B4 /* LaunchScreen.storyboard in Resources */ = {isa = PBXBuildFile; fileRef = 524B5C731D68DDED004345B4 /* LaunchScreen.storyboard */; };
		524B5C7E1D69EDDA004345B4 /* Wine+CoreDataProperties.swift in Sources */ = {isa = PBXBuildFile; fileRef = 524B5C7C1D69EDDA004345B4 /* Wine+CoreDataProperties.swift */; };
		524B5C7F1D69EDDA004345B4 /* Wine.swift in Sources */ = {isa = PBXBuildFile; fileRef = 524B5C7D1D69EDDA004345B4 /* Wine.swift */; };
		524B5C811D69EE80004345B4 /* CreateWineVC.swift in Sources */ = {isa = PBXBuildFile; fileRef = 524B5C801D69EE80004345B4 /* CreateWineVC.swift */; };
		524B5C831D69EEAA004345B4 /* DetailsVC.swift in Sources */ = {isa = PBXBuildFile; fileRef = 524B5C821D69EEAA004345B4 /* DetailsVC.swift */; };
		524B5C881D69EF3C004345B4 /* WineCell.swift in Sources */ = {isa = PBXBuildFile; fileRef = 524B5C871D69EF3C004345B4 /* WineCell.swift */; };
/* End PBXBuildFile section */

/* Begin PBXFileReference section */
		524B5C641D68DDED004345B4 /* Favorite-Wine-08-20-2016.app */ = {isa = PBXFileReference; explicitFileType = wrapper.application; includeInIndex = 0; path = "Favorite-Wine-08-20-2016.app"; sourceTree = BUILT_PRODUCTS_DIR; };
		524B5C671D68DDED004345B4 /* AppDelegate.swift */ = {isa = PBXFileReference; lastKnownFileType = sourcecode.swift; path = AppDelegate.swift; sourceTree = "<group>"; };
		524B5C691D68DDED004345B4 /* ViewController.swift */ = {isa = PBXFileReference; lastKnownFileType = sourcecode.swift; path = ViewController.swift; sourceTree = "<group>"; };
		524B5C6C1D68DDED004345B4 /* Base */ = {isa = PBXFileReference; lastKnownFileType = file.storyboard; name = Base; path = Base.lproj/Main.storyboard; sourceTree = "<group>"; };
		524B5C6F1D68DDED004345B4 /* Favorite_Wine_08_20_2016.xcdatamodel */ = {isa = PBXFileReference; lastKnownFileType = wrapper.xcdatamodel; path = Favorite_Wine_08_20_2016.xcdatamodel; sourceTree = "<group>"; };
		524B5C711D68DDED004345B4 /* Assets.xcassets */ = {isa = PBXFileReference; lastKnownFileType = folder.assetcatalog; path = Assets.xcassets; sourceTree = "<group>"; };
		524B5C741D68DDED004345B4 /* Base */ = {isa = PBXFileReference; lastKnownFileType = file.storyboard; name = Base; path = Base.lproj/LaunchScreen.storyboard; sourceTree = "<group>"; };
		524B5C761D68DDED004345B4 /* Info.plist */ = {isa = PBXFileReference; lastKnownFileType = text.plist.xml; path = Info.plist; sourceTree = "<group>"; };
		524B5C7C1D69EDDA004345B4 /* Wine+CoreDataProperties.swift */ = {isa = PBXFileReference; fileEncoding = 4; lastKnownFileType = sourcecode.swift; name = "Wine+CoreDataProperties.swift"; path = "../Wine+CoreDataProperties.swift"; sourceTree = "<group>"; };
		524B5C7D1D69EDDA004345B4 /* Wine.swift */ = {isa = PBXFileReference; fileEncoding = 4; lastKnownFileType = sourcecode.swift; name = Wine.swift; path = ../Wine.swift; sourceTree = "<group>"; };
		524B5C801D69EE80004345B4 /* CreateWineVC.swift */ = {isa = PBXFileReference; fileEncoding = 4; lastKnownFileType = sourcecode.swift; path = CreateWineVC.swift; sourceTree = "<group>"; };
		524B5C821D69EEAA004345B4 /* DetailsVC.swift */ = {isa = PBXFileReference; fileEncoding = 4; lastKnownFileType = sourcecode.swift; path = DetailsVC.swift; sourceTree = "<group>"; };
		524B5C871D69EF3C004345B4 /* WineCell.swift */ = {isa = PBXFileReference; fileEncoding = 4; lastKnownFileType = sourcecode.swift; path = WineCell.swift; sourceTree = "<group>"; };
/* End PBXFileReference section */

/* Begin PBXFrameworksBuildPhase section */
		524B5C611D68DDED004345B4 /* Frameworks */ = {
			isa = PBXFrameworksBuildPhase;
			buildActionMask = 2147483647;
			files = (
			);
			runOnlyForDeploymentPostprocessing = 0;
		};
/* End PBXFrameworksBuildPhase section */

/* Begin PBXGroup section */
		524B5C5B1D68DDED004345B4 = {
			isa = PBXGroup;
			children = (
				524B5C661D68DDED004345B4 /* Favorite-Wine-08-20-2016 */,
				524B5C651D68DDED004345B4 /* Products */,
			);
			sourceTree = "<group>";
		};
		524B5C651D68DDED004345B4 /* Products */ = {
			isa = PBXGroup;
			children = (
				524B5C641D68DDED004345B4 /* Favorite-Wine-08-20-2016.app */,
			);
			name = Products;
			sourceTree = "<group>";
		};
		524B5C661D68DDED004345B4 /* Favorite-Wine-08-20-2016 */ = {
			isa = PBXGroup;
			children = (
				524B5C861D69EED3004345B4 /* Controller */,
				524B5C851D69EECC004345B4 /* View */,
				524B5C841D69EEBF004345B4 /* Model */,
				524B5C671D68DDED004345B4 /* AppDelegate.swift */,
				524B5C711D68DDED004345B4 /* Assets.xcassets */,
				524B5C731D68DDED004345B4 /* LaunchScreen.storyboard */,
				524B5C761D68DDED004345B4 /* Info.plist */,
				524B5C6E1D68DDED004345B4 /* Favorite_Wine_08_20_2016.xcdatamodeld */,
			);
			path = "Favorite-Wine-08-20-2016";
			sourceTree = "<group>";
		};
		524B5C841D69EEBF004345B4 /* Model */ = {
			isa = PBXGroup;
			children = (
				524B5C7D1D69EDDA004345B4 /* Wine.swift */,
				524B5C7C1D69EDDA004345B4 /* Wine+CoreDataProperties.swift */,
			);
			name = Model;
			sourceTree = "<group>";
		};
		524B5C851D69EECC004345B4 /* View */ = {
			isa = PBXGroup;
			children = (
				524B5C6B1D68DDED004345B4 /* Main.storyboard */,
				524B5C871D69EF3C004345B4 /* WineCell.swift */,
			);
			name = View;
			sourceTree = "<group>";
		};
		524B5C861D69EED3004345B4 /* Controller */ = {
			isa = PBXGroup;
			children = (
				524B5C691D68DDED004345B4 /* ViewController.swift */,
				524B5C821D69EEAA004345B4 /* DetailsVC.swift */,
				524B5C801D69EE80004345B4 /* CreateWineVC.swift */,
			);
			name = Controller;
			sourceTree = "<group>";
		};
/* End PBXGroup section */

/* Begin PBXNativeTarget section */
		524B5C631D68DDED004345B4 /* Favorite-Wine-08-20-2016 */ = {
			isa = PBXNativeTarget;
			buildConfigurationList = 524B5C791D68DDED004345B4 /* Build configuration list for PBXNativeTarget "Favorite-Wine-08-20-2016" */;
			buildPhases = (
				524B5C601D68DDED004345B4 /* Sources */,
				524B5C611D68DDED004345B4 /* Frameworks */,
				524B5C621D68DDED004345B4 /* Resources */,
			);
			buildRules = (
			);
			dependencies = (
			);
			name = "Favorite-Wine-08-20-2016";
			productName = "Favorite-Wine-08-20-2016";
			productReference = 524B5C641D68DDED004345B4 /* Favorite-Wine-08-20-2016.app */;
			productType = "com.apple.product-type.application";
		};
/* End PBXNativeTarget section */

/* Begin PBXProject section */
		524B5C5C1D68DDED004345B4 /* Project object */ = {
			isa = PBXProject;
			attributes = {
				LastSwiftUpdateCheck = 0730;
				LastUpgradeCheck = 0730;
				ORGANIZATIONNAME = "Eric Walters";
				TargetAttributes = {
					524B5C631D68DDED004345B4 = {
						CreatedOnToolsVersion = 7.3;
					};
				};
			};
			buildConfigurationList = 524B5C5F1D68DDED004345B4 /* Build configuration list for PBXProject "Favorite-Wine-08-20-2016" */;
			compatibilityVersion = "Xcode 3.2";
			developmentRegion = English;
			hasScannedForEncodings = 0;
			knownRegions = (
				en,
				Base,
			);
			mainGroup = 524B5C5B1D68DDED004345B4;
			productRefGroup = 524B5C651D68DDED004345B4 /* Products */;
			projectDirPath = "";
			projectRoot = "";
			targets = (
				524B5C631D68DDED004345B4 /* Favorite-Wine-08-20-2016 */,
			);
		};
/* End PBXProject section */

/* Begin PBXResourcesBuildPhase section */
		524B5C621D68DDED004345B4 /* Resources */ = {
			isa = PBXResourcesBuildPhase;
			buildActionMask = 2147483647;
			files = (
				524B5C751D68DDED004345B4 /* LaunchScreen.storyboard in Resources */,
				524B5C721D68DDED004345B4 /* Assets.xcassets in Resources */,
				524B5C6D1D68DDED004345B4 /* Main.storyboard in Resources */,
			);
			runOnlyForDeploymentPostprocessing = 0;
		};
/* End PBXResourcesBuildPhase section */

/* Begin PBXSourcesBuildPhase section */
		524B5C601D68DDED004345B4 /* Sources */ = {
			isa = PBXSourcesBuildPhase;
			buildActionMask = 2147483647;
			files = (
				524B5C6A1D68DDED004345B4 /* ViewController.swift in Sources */,
				524B5C7F1D69EDDA004345B4 /* Wine.swift in Sources */,
				524B5C681D68DDED004345B4 /* AppDelegate.swift in Sources */,
				524B5C811D69EE80004345B4 /* CreateWineVC.swift in Sources */,
				524B5C881D69EF3C004345B4 /* WineCell.swift in Sources */,
				524B5C831D69EEAA004345B4 /* DetailsVC.swift in Sources */,
				524B5C7E1D69EDDA004345B4 /* Wine+CoreDataProperties.swift in Sources */,
				524B5C701D68DDED004345B4 /* Favorite_Wine_08_20_2016.xcdatamodeld in Sources */,
			);
			runOnlyForDeploymentPostprocessing = 0;
		};
/* End PBXSourcesBuildPhase section */

/* Begin PBXVariantGroup section */
		524B5C6B1D68DDED004345B4 /* Main.storyboard */ = {
			isa = PBXVariantGroup;
			children = (
				524B5C6C1D68DDED004345B4 /* Base */,
			);
			name = Main.storyboard;
			sourceTree = "<group>";
		};
		524B5C731D68DDED004345B4 /* LaunchScreen.storyboard */ = {
			isa = PBXVariantGroup;
			children = (
				524B5C741D68DDED004345B4 /* Base */,
			);
			name = LaunchScreen.storyboard;
			sourceTree = "<group>";
		};
/* End PBXVariantGroup section */

/* Begin XCBuildConfiguration section */
		524B5C771D68DDED004345B4 /* Debug */ = {
			isa = XCBuildConfiguration;
			buildSettings = {
				ALWAYS_SEARCH_USER_PATHS = NO;
				CLANG_ANALYZER_NONNULL = YES;
				CLANG_CXX_LANGUAGE_STANDARD = "gnu++0x";
				CLANG_CXX_LIBRARY = "libc++";
				CLANG_ENABLE_MODULES = YES;
				CLANG_ENABLE_OBJC_ARC = YES;
				CLANG_WARN_BOOL_CONVERSION = YES;
				CLANG_WARN_CONSTANT_CONVERSION = YES;
				CLANG_WARN_DIRECT_OBJC_ISA_USAGE = YES_ERROR;
				CLANG_WARN_EMPTY_BODY = YES;
				CLANG_WARN_ENUM_CONVERSION = YES;
				CLANG_WARN_INT_CONVERSION = YES;
				CLANG_WARN_OBJC_ROOT_CLASS = YES_ERROR;
				CLANG_WARN_UNREACHABLE_CODE = YES;
				CLANG_WARN__DUPLICATE_METHOD_MATCH = YES;
				"CODE_SIGN_IDENTITY[sdk=iphoneos*]" = "iPhone Developer";
				COPY_PHASE_STRIP = NO;
				DEBUG_INFORMATION_FORMAT = dwarf;
				ENABLE_STRICT_OBJC_MSGSEND = YES;
				ENABLE_TESTABILITY = YES;
				GCC_C_LANGUAGE_STANDARD = gnu99;
				GCC_DYNAMIC_NO_PIC = NO;
				GCC_NO_COMMON_BLOCKS = YES;
				GCC_OPTIMIZATION_LEVEL = 0;
				GCC_PREPROCESSOR_DEFINITIONS = (
					"DEBUG=1",
					"$(inherited)",
				);
				GCC_WARN_64_TO_32_BIT_CONVERSION = YES;
				GCC_WARN_ABOUT_RETURN_TYPE = YES_ERROR;
				GCC_WARN_UNDECLARED_SELECTOR = YES;
				GCC_WARN_UNINITIALIZED_AUTOS = YES_AGGRESSIVE;
				GCC_WARN_UNUSED_FUNCTION = YES;
				GCC_WARN_UNUSED_VARIABLE = YES;
				IPHONEOS_DEPLOYMENT_TARGET = 9.3;
				MTL_ENABLE_DEBUG_INFO = YES;
				ONLY_ACTIVE_ARCH = YES;
				SDKROOT = iphoneos;
				SWIFT_OPTIMIZATION_LEVEL = "-Onone";
				TARGETED_DEVICE_FAMILY = "1,2";
			};
			name = Debug;
		};
		524B5C781D68DDED004345B4 /* Release */ = {
			isa = XCBuildConfiguration;
			buildSettings = {
				ALWAYS_SEARCH_USER_PATHS = NO;
				CLANG_ANALYZER_NONNULL = YES;
				CLANG_CXX_LANGUAGE_STANDARD = "gnu++0x";
				CLANG_CXX_LIBRARY = "libc++";
				CLANG_ENABLE_MODULES = YES;
				CLANG_ENABLE_OBJC_ARC = YES;
				CLANG_WARN_BOOL_CONVERSION = YES;
				CLANG_WARN_CONSTANT_CONVERSION = YES;
				CLANG_WARN_DIRECT_OBJC_ISA_USAGE = YES_ERROR;
				CLANG_WARN_EMPTY_BODY = YES;
				CLANG_WARN_ENUM_CONVERSION = YES;
				CLANG_WARN_INT_CONVERSION = YES;
				CLANG_WARN_OBJC_ROOT_CLASS = YES_ERROR;
				CLANG_WARN_UNREACHABLE_CODE = YES;
				CLANG_WARN__DUPLICATE_METHOD_MATCH = YES;
				"CODE_SIGN_IDENTITY[sdk=iphoneos*]" = "iPhone Developer";
				COPY_PHASE_STRIP = NO;
				DEBUG_INFORMATION_FORMAT = "dwarf-with-dsym";
				ENABLE_NS_ASSERTIONS = NO;
				ENABLE_STRICT_OBJC_MSGSEND = YES;
				GCC_C_LANGUAGE_STANDARD = gnu99;
				GCC_NO_COMMON_BLOCKS = YES;
				GCC_WARN_64_TO_32_BIT_CONVERSION = YES;
				GCC_WARN_ABOUT_RETURN_TYPE = YES_ERROR;
				GCC_WARN_UNDECLARED_SELECTOR = YES;
				GCC_WARN_UNINITIALIZED_AUTOS = YES_AGGRESSIVE;
				GCC_WARN_UNUSED_FUNCTION = YES;
				GCC_WARN_UNUSED_VARIABLE = YES;
				IPHONEOS_DEPLOYMENT_TARGET = 9.3;
				MTL_ENABLE_DEBUG_INFO = NO;
				SDKROOT = iphoneos;
				TARGETED_DEVICE_FAMILY = "1,2";
				VALIDATE_PRODUCT = YES;
			};
			name = Release;
		};
		524B5C7A1D68DDED004345B4 /* Debug */ = {
			isa = XCBuildConfiguration;
			buildSettings = {
				ASSETCATALOG_COMPILER_APPICON_NAME = AppIcon;
				INFOPLIST_FILE = "Favorite-Wine-08-20-2016/Info.plist";
				LD_RUNPATH_SEARCH_PATHS = "$(inherited) @executable_path/Frameworks";
				PRODUCT_BUNDLE_IDENTIFIER = "ejw.Favorite-Wine-08-20-2016";
				PRODUCT_NAME = "$(TARGET_NAME)";
			};
			name = Debug;
		};
		524B5C7B1D68DDED004345B4 /* Release */ = {
			isa = XCBuildConfiguration;
			buildSettings = {
				ASSETCATALOG_COMPILER_APPICON_NAME = AppIcon;
				INFOPLIST_FILE = "Favorite-Wine-08-20-2016/Info.plist";
				LD_RUNPATH_SEARCH_PATHS = "$(inherited) @executable_path/Frameworks";
				PRODUCT_BUNDLE_IDENTIFIER = "ejw.Favorite-Wine-08-20-2016";
				PRODUCT_NAME = "$(TARGET_NAME)";
			};
			name = Release;
		};
/* End XCBuildConfiguration section */

/* Begin XCConfigurationList section */
		524B5C5F1D68DDED004345B4 /* Build configuration list for PBXProject "Favorite-Wine-08-20-2016" */ = {
			isa = XCConfigurationList;
			buildConfigurations = (
				524B5C771D68DDED004345B4 /* Debug */,
				524B5C781D68DDED004345B4 /* Release */,
			);
			defaultConfigurationIsVisible = 0;
			defaultConfigurationName = Release;
		};
		524B5C791D68DDED004345B4 /* Build configuration list for PBXNativeTarget "Favorite-Wine-08-20-2016" */ = {
			isa = XCConfigurationList;
			buildConfigurations = (
				524B5C7A1D68DDED004345B4 /* Debug */,
				524B5C7B1D68DDED004345B4 /* Release */,
			);
			defaultConfigurationIsVisible = 0;
			defaultConfigurationName = Release;
		};
/* End XCConfigurationList section */

/* Begin XCVersionGroup section */
		524B5C6E1D68DDED004345B4 /* Favorite_Wine_08_20_2016.xcdatamodeld */ = {
			isa = XCVersionGroup;
			children = (
				524B5C6F1D68DDED004345B4 /* Favorite_Wine_08_20_2016.xcdatamodel */,
			);
			currentVersion = 524B5C6F1D68DDED004345B4 /* Favorite_Wine_08_20_2016.xcdatamodel */;
			path = Favorite_Wine_08_20_2016.xcdatamodeld;
			sourceTree = "<group>";
			versionGroupType = wrapper.xcdatamodel;
		};
/* End XCVersionGroup section */
	};
	rootObject = 524B5C5C1D68DDED004345B4 /* Project object */;
}
